
Microsoft Visual Studio Solution File, Format Version 12.00
# Visual Studio 2013
VisualStudioVersion = 12.0.31101.0
MinimumVisualStudioVersion = 10.0.40219.1
Project("{FAE04EC0-301F-11D3-BF4B-00C04F79EFBC}") = "Footbal.Model", "Footbal.Model\Footbal.Model.csproj", "{5FB43D59-CC03-4D56-851F-67970133BF4D}"
EndProject
Project("{FAE04EC0-301F-11D3-BF4B-00C04F79EFBC}") = "_02_LeaguesJSON", "_02_LeaguesJSON\_02_LeaguesJSON.csproj", "{B0A31361-0B83-4F53-B2AF-5D613E0BDFE8}"
EndProject
Project("{FAE04EC0-301F-11D3-BF4B-00C04F79EFBC}") = "_03_InternationalMatchesXML", "_03_InternationalMatchesXML\_03_InternationalMatchesXML.csproj", "{BF4092FA-34E0-4704-B4EC-0BD7E34E4CD8}"
EndProject
Project("{FAE04EC0-301F-11D3-BF4B-00C04F79EFBC}") = "_04_Import-Leagues-and-Teams-from-XML", "Import-Leagues-and-Teams-from-XML\_04_Import-Leagues-and-Teams-from-XML.csproj", "{46160040-9AF1-4CC1-939B-DC706A89237D}"
EndProject
Project("{FAE04EC0-301F-11D3-BF4B-00C04F79EFBC}") = "_06_CodeFirst-Model", "CodeFirst-Model\_06_CodeFirst-Model.csproj", "{C5CCE843-EDA2-4FF0-AD1A-B14C49486500}"
EndProject
Project("{FAE04EC0-301F-11D3-BF4B-00C04F79EFBC}") = "_07_Import-Contacts-from-JSON", "Import-Contacts-from-JSON\_07_Import-Contacts-from-JSON.csproj", "{ECA7CEDA-23B4-4EFA-B68B-EB685EA2A12C}"
EndProject
Global
	GlobalSection(SolutionConfigurationPlatforms) = preSolution
		Debug|Any CPU = Debug|Any CPU
		Release|Any CPU = Release|Any CPU
	EndGlobalSection
	GlobalSection(ProjectConfigurationPlatforms) = postSolution
		{5FB43D59-CC03-4D56-851F-67970133BF4D}.Debug|Any CPU.ActiveCfg = Debug|Any CPU
		{5FB43D59-CC03-4D56-851F-67970133BF4D}.Debug|Any CPU.Build.0 = Debug|Any CPU
		{5FB43D59-CC03-4D56-851F-67970133BF4D}.Release|Any CPU.ActiveCfg = Release|Any CPU
		{5FB43D59-CC03-4D56-851F-67970133BF4D}.Release|Any CPU.Build.0 = Release|Any CPU
		{B0A31361-0B83-4F53-B2AF-5D613E0BDFE8}.Debug|Any CPU.ActiveCfg = Debug|Any CPU
		{B0A31361-0B83-4F53-B2AF-5D613E0BDFE8}.Debug|Any CPU.Build.0 = Debug|Any CPU
		{B0A31361-0B83-4F53-B2AF-5D613E0BDFE8}.Release|Any CPU.ActiveCfg = Release|Any CPU
		{B0A31361-0B83-4F53-B2AF-5D613E0BDFE8}.Release|Any CPU.Build.0 = Release|Any CPU
		{BF4092FA-34E0-4704-B4EC-0BD7E34E4CD8}.Debug|Any CPU.ActiveCfg = Debug|Any CPU
		{BF4092FA-34E0-4704-B4EC-0BD7E34E4CD8}.Debug|Any CPU.Build.0 = Debug|Any CPU
		{BF4092FA-34E0-4704-B4EC-0BD7E34E4CD8}.Release|Any CPU.ActiveCfg = Release|Any CPU
		{BF4092FA-34E0-4704-B4EC-0BD7E34E4CD8}.Release|Any CPU.Build.0 = Release|Any CPU
		{46160040-9AF1-4CC1-939B-DC706A89237D}.Debug|Any CPU.ActiveCfg = Debug|Any CPU
		{46160040-9AF1-4CC1-939B-DC706A89237D}.Debug|Any CPU.Build.0 = Debug|Any CPU
		{46160040-9AF1-4CC1-939B-DC706A89237D}.Release|Any CPU.ActiveCfg = Release|Any CPU
		{46160040-9AF1-4CC1-939B-DC706A89237D}.Release|Any CPU.Build.0 = Release|Any CPU
		{C5CCE843-EDA2-4FF0-AD1A-B14C49486500}.Debug|Any CPU.ActiveCfg = Debug|Any CPU
		{C5CCE843-EDA2-4FF0-AD1A-B14C49486500}.Debug|Any CPU.Build.0 = Debug|Any CPU
		{C5CCE843-EDA2-4FF0-AD1A-B14C49486500}.Release|Any CPU.ActiveCfg = Release|Any CPU
		{C5CCE843-EDA2-4FF0-AD1A-B14C49486500}.Release|Any CPU.Build.0 = Release|Any CPU
		{ECA7CEDA-23B4-4EFA-B68B-EB685EA2A12C}.Debug|Any CPU.ActiveCfg = Debug|Any CPU
		{ECA7CEDA-23B4-4EFA-B68B-EB685EA2A12C}.Debug|Any CPU.Build.0 = Debug|Any CPU
		{ECA7CEDA-23B4-4EFA-B68B-EB685EA2A12C}.Release|Any CPU.ActiveCfg = Release|Any CPU
		{ECA7CEDA-23B4-4EFA-B68B-EB685EA2A12C}.Release|Any CPU.Build.0 = Release|Any CPU
	EndGlobalSection
	GlobalSection(SolutionProperties) = preSolution
		HideSolutionNode = FALSE
	EndGlobalSection
EndGlobal
