
Microsoft Visual Studio Solution File, Format Version 12.00
# Visual Studio 14
VisualStudioVersion = 14.0.25420.1
MinimumVisualStudioVersion = 10.0.40219.1
Project("{2150E333-8FDC-42A3-9474-1A3956D46DE8}") = "src", "src", "{D5DEFC5C-31DB-4432-B0AB-9993922B43C9}"
EndProject
Project("{2150E333-8FDC-42A3-9474-1A3956D46DE8}") = "Solution Items", "Solution Items", "{A5CE3505-9537-4B9A-B20B-BC401EBA9110}"
	ProjectSection(SolutionItems) = preProject
		global.json = global.json
	EndProjectSection
EndProject
Project("{8BB2217D-0F2D-49D1-97BC-3654ED321F3B}") = "OdeToFood", "src\OdeToFood\OdeToFood.xproj", "{1F617264-7A16-4773-B96E-1BE0207A7862}"
EndProject
Global
	GlobalSection(SolutionConfigurationPlatforms) = preSolution
		Debug|Any CPU = Debug|Any CPU
		Release|Any CPU = Release|Any CPU
	EndGlobalSection
	GlobalSection(ProjectConfigurationPlatforms) = postSolution
		{1F617264-7A16-4773-B96E-1BE0207A7862}.Debug|Any CPU.ActiveCfg = Debug|Any CPU
		{1F617264-7A16-4773-B96E-1BE0207A7862}.Debug|Any CPU.Build.0 = Debug|Any CPU
		{1F617264-7A16-4773-B96E-1BE0207A7862}.Release|Any CPU.ActiveCfg = Release|Any CPU
		{1F617264-7A16-4773-B96E-1BE0207A7862}.Release|Any CPU.Build.0 = Release|Any CPU
	EndGlobalSection
	GlobalSection(SolutionProperties) = preSolution
		HideSolutionNode = FALSE
	EndGlobalSection
	GlobalSection(NestedProjects) = preSolution
		{1F617264-7A16-4773-B96E-1BE0207A7862} = {D5DEFC5C-31DB-4432-B0AB-9993922B43C9}
	EndGlobalSection
EndGlobal
