
Microsoft Visual Studio Solution File, Format Version 12.00
# Visual Studio 2013
VisualStudioVersion = 12.0.31101.0
MinimumVisualStudioVersion = 10.0.40219.1
Project("{FAE04EC0-301F-11D3-BF4B-00C04F79EFBC}") = "AdsDBContext", "AdsDBContext\AdsDBContext.csproj", "{6BB2C11A-2AF3-42DC-84C3-9752B8B9A565}"
EndProject
Project("{FAE04EC0-301F-11D3-BF4B-00C04F79EFBC}") = "AdsDB.ConsoleApp", "AdsDB.ConsoleApp\AdsDB.ConsoleApp.csproj", "{55A40C77-14C3-4663-A017-AF5FAA0FFC39}"
EndProject
Global
	GlobalSection(SolutionConfigurationPlatforms) = preSolution
		Debug|Any CPU = Debug|Any CPU
		Release|Any CPU = Release|Any CPU
	EndGlobalSection
	GlobalSection(ProjectConfigurationPlatforms) = postSolution
		{6BB2C11A-2AF3-42DC-84C3-9752B8B9A565}.Debug|Any CPU.ActiveCfg = Debug|Any CPU
		{6BB2C11A-2AF3-42DC-84C3-9752B8B9A565}.Debug|Any CPU.Build.0 = Debug|Any CPU
		{6BB2C11A-2AF3-42DC-84C3-9752B8B9A565}.Release|Any CPU.ActiveCfg = Release|Any CPU
		{6BB2C11A-2AF3-42DC-84C3-9752B8B9A565}.Release|Any CPU.Build.0 = Release|Any CPU
		{55A40C77-14C3-4663-A017-AF5FAA0FFC39}.Debug|Any CPU.ActiveCfg = Debug|Any CPU
		{55A40C77-14C3-4663-A017-AF5FAA0FFC39}.Debug|Any CPU.Build.0 = Debug|Any CPU
		{55A40C77-14C3-4663-A017-AF5FAA0FFC39}.Release|Any CPU.ActiveCfg = Release|Any CPU
		{55A40C77-14C3-4663-A017-AF5FAA0FFC39}.Release|Any CPU.Build.0 = Release|Any CPU
	EndGlobalSection
	GlobalSection(SolutionProperties) = preSolution
		HideSolutionNode = FALSE
	EndGlobalSection
EndGlobal
