
Microsoft Visual Studio Solution File, Format Version 12.00
# Visual Studio 2013
VisualStudioVersion = 12.0.21005.1
MinimumVisualStudioVersion = 10.0.40219.1
Project("{FAE04EC0-301F-11D3-BF4B-00C04F79EFBC}") = "Trial-SecureApp", "Trial-SecureApp\Trial-SecureApp.csproj", "{77DC97D7-D2E8-4988-8148-97DE9DAF62C6}"
EndProject
Project("{FAE04EC0-301F-11D3-BF4B-00C04F79EFBC}") = "Main-Project", "Main-Project\Main-Project.csproj", "{A376211D-18BB-4B75-8813-E58E72C7048E}"
EndProject
Global
	GlobalSection(SolutionConfigurationPlatforms) = preSolution
		Debug|Any CPU = Debug|Any CPU
		Release|Any CPU = Release|Any CPU
	EndGlobalSection
	GlobalSection(ProjectConfigurationPlatforms) = postSolution
		{77DC97D7-D2E8-4988-8148-97DE9DAF62C6}.Debug|Any CPU.ActiveCfg = Debug|Any CPU
		{77DC97D7-D2E8-4988-8148-97DE9DAF62C6}.Debug|Any CPU.Build.0 = Debug|Any CPU
		{77DC97D7-D2E8-4988-8148-97DE9DAF62C6}.Release|Any CPU.ActiveCfg = Release|Any CPU
		{77DC97D7-D2E8-4988-8148-97DE9DAF62C6}.Release|Any CPU.Build.0 = Release|Any CPU
		{A376211D-18BB-4B75-8813-E58E72C7048E}.Debug|Any CPU.ActiveCfg = Debug|Any CPU
		{A376211D-18BB-4B75-8813-E58E72C7048E}.Debug|Any CPU.Build.0 = Debug|Any CPU
		{A376211D-18BB-4B75-8813-E58E72C7048E}.Release|Any CPU.ActiveCfg = Release|Any CPU
		{A376211D-18BB-4B75-8813-E58E72C7048E}.Release|Any CPU.Build.0 = Release|Any CPU
	EndGlobalSection
	GlobalSection(SolutionProperties) = preSolution
		HideSolutionNode = FALSE
	EndGlobalSection
EndGlobal
